
Microsoft Visual Studio Solution File, Format Version 12.00
# Visual Studio 2012
VisualStudioVersion = {0}
MinimumVisualStudioVersion = {0}
Project("{FAE04EC0-301F-11D3-BF4B-00C04F79EFBC}") = "Problems30to39", "Problems30to39\Problems30to39.csproj", "{A7DBAA7D-6017-4B15-AE09-C28F284C59D2}"
EndProject
Global
	GlobalSection(SolutionConfigurationPlatforms) = preSolution
		Debug|Any CPU = Debug|Any CPU
		Release|Any CPU = Release|Any CPU
	EndGlobalSection
	GlobalSection(ProjectConfigurationPlatforms) = postSolution
		{A7DBAA7D-6017-4B15-AE09-C28F284C59D2}.Debug|Any CPU.ActiveCfg = Debug|Any CPU
		{A7DBAA7D-6017-4B15-AE09-C28F284C59D2}.Debug|Any CPU.Build.0 = Debug|Any CPU
		{A7DBAA7D-6017-4B15-AE09-C28F284C59D2}.Release|Any CPU.ActiveCfg = Release|Any CPU
		{A7DBAA7D-6017-4B15-AE09-C28F284C59D2}.Release|Any CPU.Build.0 = Release|Any CPU
	EndGlobalSection
	GlobalSection(MonoDevelopProperties) = preSolution
		StartupItem = Problems30to39\Problems30to39.csproj
		Policies = $0
		$0.DotNetNamingPolicy = $1
		$1.DirectoryNamespaceAssociation = None
		$1.ResourceNamePolicy = FileFormatDefault
		$0.TextStylePolicy = $2
		$2.FileWidth = 120
		$2.TabsToSpaces = False
		$2.EolMarker = Windows
		$2.inheritsSet = VisualStudio
		$2.inheritsScope = text/plain
		$2.scope = text/x-csharp
		$0.CSharpFormattingPolicy = $3
		$3.AfterDelegateDeclarationParameterComma = True
		$3.inheritsSet = Mono
		$3.inheritsScope = text/x-csharp
		$3.scope = text/x-csharp
	EndGlobalSection
	GlobalSection(SolutionProperties) = preSolution
		HideSolutionNode = FALSE
	EndGlobalSection
EndGlobal
